
Microsoft Visual Studio Solution File, Format Version 12.00
# Visual Studio Version 17
Project("{2150E333-8FDC-42A3-9474-1A3956D46DE8}") = "Lib", "Lib", "{238FF67E-8FF9-AAF5-D837-5C9B44E1884A}"
EndProject
Project("{8BC9CEB8-8B4A-11D0-8D11-00A0C91BC942}") = "fgvm-core", "includes\fgvm\core\fgvm-core.vcxproj", "{8B042FE7-F76E-E35D-40AD-9403AC56C1B2}"
EndProject
Project("{8BC9CEB8-8B4A-11D0-8D11-00A0C91BC942}") = "fgvm-examples", "includes\fgvm\examples\fgvm-examples.vcxproj", "{41735C9F-AD33-D8D5-766E-2153E2ED1CB2}"
EndProject
Project("{8BC9CEB8-8B4A-11D0-8D11-00A0C91BC942}") = "sandbox", "sandbox.vcxproj", "{145A6C82-8039-EB1D-8951-76F4F5AF517F}"
EndProject
Global
	GlobalSection(SolutionConfigurationPlatforms) = preSolution
		Debug|Win32 = Debug|Win32
		Release|Win32 = Release|Win32
	EndGlobalSection
	GlobalSection(ProjectConfigurationPlatforms) = postSolution
		{8B042FE7-F76E-E35D-40AD-9403AC56C1B2}.Debug|Win32.ActiveCfg = Debug|Win32
		{8B042FE7-F76E-E35D-40AD-9403AC56C1B2}.Debug|Win32.Build.0 = Debug|Win32
		{8B042FE7-F76E-E35D-40AD-9403AC56C1B2}.Release|Win32.ActiveCfg = Release|Win32
		{8B042FE7-F76E-E35D-40AD-9403AC56C1B2}.Release|Win32.Build.0 = Release|Win32
		{41735C9F-AD33-D8D5-766E-2153E2ED1CB2}.Debug|Win32.ActiveCfg = Debug|Win32
		{41735C9F-AD33-D8D5-766E-2153E2ED1CB2}.Debug|Win32.Build.0 = Debug|Win32
		{41735C9F-AD33-D8D5-766E-2153E2ED1CB2}.Release|Win32.ActiveCfg = Release|Win32
		{41735C9F-AD33-D8D5-766E-2153E2ED1CB2}.Release|Win32.Build.0 = Release|Win32
		{145A6C82-8039-EB1D-8951-76F4F5AF517F}.Debug|Win32.ActiveCfg = Debug|Win32
		{145A6C82-8039-EB1D-8951-76F4F5AF517F}.Debug|Win32.Build.0 = Debug|Win32
		{145A6C82-8039-EB1D-8951-76F4F5AF517F}.Release|Win32.ActiveCfg = Release|Win32
		{145A6C82-8039-EB1D-8951-76F4F5AF517F}.Release|Win32.Build.0 = Release|Win32
	EndGlobalSection
	GlobalSection(SolutionProperties) = preSolution
		HideSolutionNode = FALSE
	EndGlobalSection
	GlobalSection(NestedProjects) = preSolution
		{8B042FE7-F76E-E35D-40AD-9403AC56C1B2} = {238FF67E-8FF9-AAF5-D837-5C9B44E1884A}
		{41735C9F-AD33-D8D5-766E-2153E2ED1CB2} = {238FF67E-8FF9-AAF5-D837-5C9B44E1884A}
	EndGlobalSection
EndGlobal
