<?xml version="1.0" encoding="utf-8"?>
<Project ToolsVersion="4.0" xmlns="http://schemas.microsoft.com/developer/msbuild/2003">
  <ItemGroup>
    <Filter Include="analytic-tools">
      <UniqueIdentifier>{B85D7638-A42B-6A3E-8DBF-DA64792C46A3}</UniqueIdentifier>
    </Filter>
    <Filter Include="blocs">
      <UniqueIdentifier>{D87F290F-4494-51C0-0D16-F51F79E94DF1}</UniqueIdentifier>
    </Filter>
    <Filter Include="generator">
      <UniqueIdentifier>{AC378C0D-18A2-4084-61E0-F129CD891ED9}</UniqueIdentifier>
    </Filter>
    <Filter Include="generator\ir-generator">
      <UniqueIdentifier>{6A416C27-563B-9579-3FA8-2B8A2B41FBE5}</UniqueIdentifier>
    </Filter>
    <Filter Include="types">
      <UniqueIdentifier>{5A5E7610-C672-9EC1-8FF4-4121FBC79AF2}</UniqueIdentifier>
    </Filter>
    <Filter Include="utils">
      <UniqueIdentifier>{169C8510-82B0-ADC1-4B32-5121B705AAF2}</UniqueIdentifier>
    </Filter>
    <Filter Include="values">
      <UniqueIdentifier>{F53F3822-E1E1-62F8-CA9C-764CB6DDE948}</UniqueIdentifier>
    </Filter>
  </ItemGroup>
  <ItemGroup>
    <ClInclude Include="Constants.h" />
    <ClInclude Include="Statement.h" />
    <ClInclude Include="analytic-tools\Lexer.h">
      <Filter>analytic-tools</Filter>
    </ClInclude>
    <ClInclude Include="analytic-tools\Parser.h">
      <Filter>analytic-tools</Filter>
    </ClInclude>
    <ClInclude Include="analytic-tools\Token.h">
      <Filter>analytic-tools</Filter>
    </ClInclude>
    <ClInclude Include="blocs\Bloc.h">
      <Filter>blocs</Filter>
    </ClInclude>
    <ClInclude Include="blocs\ConditionalBr.h">
      <Filter>blocs</Filter>
    </ClInclude>
    <ClInclude Include="blocs\FunctionDef.h">
      <Filter>blocs</Filter>
    </ClInclude>
    <ClInclude Include="blocs\Loop.h">
      <Filter>blocs</Filter>
    </ClInclude>
    <ClInclude Include="fgvm.h" />
    <ClInclude Include="generator\CodeBuilder.h">
      <Filter>generator</Filter>
    </ClInclude>
    <ClInclude Include="generator\Module.h">
      <Filter>generator</Filter>
    </ClInclude>
    <ClInclude Include="generator\SourceGenerator.h">
      <Filter>generator</Filter>
    </ClInclude>
    <ClInclude Include="generator\ir-generator\IRSourceGenerator.h">
      <Filter>generator\ir-generator</Filter>
    </ClInclude>
    <ClInclude Include="types\AtomicTypes.h">
      <Filter>types</Filter>
    </ClInclude>
    <ClInclude Include="types\Type.h">
      <Filter>types</Filter>
    </ClInclude>
    <ClInclude Include="utils\FGError.h">
      <Filter>utils</Filter>
    </ClInclude>
    <ClInclude Include="utils\IRUtils.h">
      <Filter>utils</Filter>
    </ClInclude>
    <ClInclude Include="values\FArgValue.h">
      <Filter>values</Filter>
    </ClInclude>
    <ClInclude Include="values\FunctionCallValue.h">
      <Filter>values</Filter>
    </ClInclude>
    <ClInclude Include="values\FunctionCustomCallValue.h">
      <Filter>values</Filter>
    </ClInclude>
    <ClInclude Include="values\RetValue.h">
      <Filter>values</Filter>
    </ClInclude>
    <ClInclude Include="values\SARRefValue.h">
      <Filter>values</Filter>
    </ClInclude>
    <ClInclude Include="values\SARValue.h">
      <Filter>values</Filter>
    </ClInclude>
    <ClInclude Include="values\Value.h">
      <Filter>values</Filter>
    </ClInclude>
  </ItemGroup>
  <ItemGroup>
    <ClCompile Include="Statement.cpp" />
    <ClCompile Include="analytic-tools\Lexer.cpp">
      <Filter>analytic-tools</Filter>
    </ClCompile>
    <ClCompile Include="analytic-tools\Parser.cpp">
      <Filter>analytic-tools</Filter>
    </ClCompile>
    <ClCompile Include="analytic-tools\Token.cpp">
      <Filter>analytic-tools</Filter>
    </ClCompile>
    <ClCompile Include="blocs\Bloc.cpp">
      <Filter>blocs</Filter>
    </ClCompile>
    <ClCompile Include="blocs\ConditionalBr.cpp">
      <Filter>blocs</Filter>
    </ClCompile>
    <ClCompile Include="blocs\FunctionDef.cpp">
      <Filter>blocs</Filter>
    </ClCompile>
    <ClCompile Include="blocs\Loop.cpp">
      <Filter>blocs</Filter>
    </ClCompile>
    <ClCompile Include="generator\CodeBuilder.cpp">
      <Filter>generator</Filter>
    </ClCompile>
    <ClCompile Include="generator\Module.cpp">
      <Filter>generator</Filter>
    </ClCompile>
    <ClCompile Include="generator\SourceGenerator.cpp">
      <Filter>generator</Filter>
    </ClCompile>
    <ClCompile Include="generator\ir-generator\IRSourceGenerator.cpp">
      <Filter>generator\ir-generator</Filter>
    </ClCompile>
    <ClCompile Include="types\AtomicTypes.cpp">
      <Filter>types</Filter>
    </ClCompile>
    <ClCompile Include="types\Type.cpp">
      <Filter>types</Filter>
    </ClCompile>
    <ClCompile Include="utils\FGError.cpp">
      <Filter>utils</Filter>
    </ClCompile>
    <ClCompile Include="utils\IRUtils.cpp">
      <Filter>utils</Filter>
    </ClCompile>
    <ClCompile Include="values\FArgValue.cpp">
      <Filter>values</Filter>
    </ClCompile>
    <ClCompile Include="values\FunctionCallValue.cpp">
      <Filter>values</Filter>
    </ClCompile>
    <ClCompile Include="values\FunctionCustomCallValue.cpp">
      <Filter>values</Filter>
    </ClCompile>
    <ClCompile Include="values\RetValue.cpp">
      <Filter>values</Filter>
    </ClCompile>
    <ClCompile Include="values\SARRefValue.cpp">
      <Filter>values</Filter>
    </ClCompile>
    <ClCompile Include="values\SARValue.cpp">
      <Filter>values</Filter>
    </ClCompile>
    <ClCompile Include="values\Value.cpp">
      <Filter>values</Filter>
    </ClCompile>
  </ItemGroup>
</Project>